
Microsoft Visual Studio Solution File, Format Version 12.00
# Visual Studio Version 16
VisualStudioVersion = 16.0.29326.143
MinimumVisualStudioVersion = 10.0.40219.1
Project("{FAE04EC0-301F-11D3-BF4B-00C04F79EFBC}") = "open-lab-02.7", "open-lab-02.7\open-lab-02.7.csproj", "{00B8DF09-A4ED-41F8-9328-C5997ECAEBD0}"
EndProject
Global
	GlobalSection(SolutionConfigurationPlatforms) = preSolution
		Debug|Any CPU = Debug|Any CPU
		Release|Any CPU = Release|Any CPU
	EndGlobalSection
	GlobalSection(ProjectConfigurationPlatforms) = postSolution
		{00B8DF09-A4ED-41F8-9328-C5997ECAEBD0}.Debug|Any CPU.ActiveCfg = Debug|Any CPU
		{00B8DF09-A4ED-41F8-9328-C5997ECAEBD0}.Debug|Any CPU.Build.0 = Debug|Any CPU
		{00B8DF09-A4ED-41F8-9328-C5997ECAEBD0}.Release|Any CPU.ActiveCfg = Release|Any CPU
		{00B8DF09-A4ED-41F8-9328-C5997ECAEBD0}.Release|Any CPU.Build.0 = Release|Any CPU
	EndGlobalSection
	GlobalSection(SolutionProperties) = preSolution
		HideSolutionNode = FALSE
	EndGlobalSection
	GlobalSection(ExtensibilityGlobals) = postSolution
		SolutionGuid = {3EA7753F-D4B3-4EF3-ADB7-0E03552C4B2C}
	EndGlobalSection
EndGlobal
